
Microsoft Visual Studio Solution File, Format Version 12.00
# Visual Studio Version 17
VisualStudioVersion = 17.6.33723.286
MinimumVisualStudioVersion = 10.0.40219.1
Project("{FAE04EC0-301F-11D3-BF4B-00C04F79EFBC}") = "BusinessGame", "BusinessGame\BusinessGame.csproj", "{9B1A1FE8-2782-4722-BB42-7FBB5C44242B}"
EndProject
Global
	GlobalSection(SolutionConfigurationPlatforms) = preSolution
		Debug|Any CPU = Debug|Any CPU
		Release|Any CPU = Release|Any CPU
	EndGlobalSection
	GlobalSection(ProjectConfigurationPlatforms) = postSolution
		{9B1A1FE8-2782-4722-BB42-7FBB5C44242B}.Debug|Any CPU.ActiveCfg = Debug|Any CPU
		{9B1A1FE8-2782-4722-BB42-7FBB5C44242B}.Debug|Any CPU.Build.0 = Debug|Any CPU
		{9B1A1FE8-2782-4722-BB42-7FBB5C44242B}.Release|Any CPU.ActiveCfg = Release|Any CPU
		{9B1A1FE8-2782-4722-BB42-7FBB5C44242B}.Release|Any CPU.Build.0 = Release|Any CPU
	EndGlobalSection
	GlobalSection(SolutionProperties) = preSolution
		HideSolutionNode = FALSE
	EndGlobalSection
	GlobalSection(ExtensibilityGlobals) = postSolution
		SolutionGuid = {56CBACAA-92D9-4A47-8842-D41EDCA2B8B7}
	EndGlobalSection
EndGlobal
